// !$*UTF8*$!
{
	archiveVersion = 1;
	classes = {
	};
	objectVersion = 50;
	objects = {

/* Begin PBXBuildFile section */
		50674D74221FA08900EB8FDC /* AppDelegate.swift in Sources */ = {isa = PBXBuildFile; fileRef = 50674D73221FA08900EB8FDC /* AppDelegate.swift */; };
		50674D76221FA08900EB8FDC /* ViewController.swift in Sources */ = {isa = PBXBuildFile; fileRef = 50674D75221FA08900EB8FDC /* ViewController.swift */; };
		50674D79221FA08900EB8FDC /* Main.storyboard in Resources */ = {isa = PBXBuildFile; fileRef = 50674D77221FA08900EB8FDC /* Main.storyboard */; };
		50674D7B221FA08A00EB8FDC /* Assets.xcassets in Resources */ = {isa = PBXBuildFile; fileRef = 50674D7A221FA08A00EB8FDC /* Assets.xcassets */; };
		50674D7E221FA08A00EB8FDC /* LaunchScreen.storyboard in Resources */ = {isa = PBXBuildFile; fileRef = 50674D7C221FA08A00EB8FDC /* LaunchScreen.storyboard */; };
		50674D89221FA08B00EB8FDC /* OrderOfEventsTests.swift in Sources */ = {isa = PBXBuildFile; fileRef = 50674D88221FA08B00EB8FDC /* OrderOfEventsTests.swift */; };
		50674D94221FA08B00EB8FDC /* OrderOfEventsUITests.swift in Sources */ = {isa = PBXBuildFile; fileRef = 50674D93221FA08B00EB8FDC /* OrderOfEventsUITests.swift */; };
		50674DA2221FA2D300EB8FDC /* MiddleViewController.swift in Sources */ = {isa = PBXBuildFile; fileRef = 50674DA1221FA2D300EB8FDC /* MiddleViewController.swift */; };
		50674DA4221FA2EE00EB8FDC /* LastViewController.swift in Sources */ = {isa = PBXBuildFile; fileRef = 50674DA3221FA2EE00EB8FDC /* LastViewController.swift */; };
/* End PBXBuildFile section */

/* Begin PBXContainerItemProxy section */
		50674D85221FA08B00EB8FDC /* PBXContainerItemProxy */ = {
			isa = PBXContainerItemProxy;
			containerPortal = 50674D68221FA08900EB8FDC /* Project object */;
			proxyType = 1;
			remoteGlobalIDString = 50674D6F221FA08900EB8FDC;
			remoteInfo = OrderOfEvents;
		};
		50674D90221FA08B00EB8FDC /* PBXContainerItemProxy */ = {
			isa = PBXContainerItemProxy;
			containerPortal = 50674D68221FA08900EB8FDC /* Project object */;
			proxyType = 1;
			remoteGlobalIDString = 50674D6F221FA08900EB8FDC;
			remoteInfo = OrderOfEvents;
		};
/* End PBXContainerItemProxy section */

/* Begin PBXFileReference section */
		50674D70221FA08900EB8FDC /* OrderOfEvents.app */ = {isa = PBXFileReference; explicitFileType = wrapper.application; includeInIndex = 0; path = OrderOfEvents.app; sourceTree = BUILT_PRODUCTS_DIR; };
		50674D73221FA08900EB8FDC /* AppDelegate.swift */ = {isa = PBXFileReference; lastKnownFileType = sourcecode.swift; path = AppDelegate.swift; sourceTree = "<group>"; };
		50674D75221FA08900EB8FDC /* ViewController.swift */ = {isa = PBXFileReference; lastKnownFileType = sourcecode.swift; path = ViewController.swift; sourceTree = "<group>"; };
		50674D78221FA08900EB8FDC /* Base */ = {isa = PBXFileReference; lastKnownFileType = file.storyboard; name = Base; path = Base.lproj/Main.storyboard; sourceTree = "<group>"; };
		50674D7A221FA08A00EB8FDC /* Assets.xcassets */ = {isa = PBXFileReference; lastKnownFileType = folder.assetcatalog; path = Assets.xcassets; sourceTree = "<group>"; };
		50674D7D221FA08A00EB8FDC /* Base */ = {isa = PBXFileReference; lastKnownFileType = file.storyboard; name = Base; path = Base.lproj/LaunchScreen.storyboard; sourceTree = "<group>"; };
		50674D7F221FA08A00EB8FDC /* Info.plist */ = {isa = PBXFileReference; lastKnownFileType = text.plist.xml; path = Info.plist; sourceTree = "<group>"; };
		50674D84221FA08B00EB8FDC /* OrderOfEventsTests.xctest */ = {isa = PBXFileReference; explicitFileType = wrapper.cfbundle; includeInIndex = 0; path = OrderOfEventsTests.xctest; sourceTree = BUILT_PRODUCTS_DIR; };
		50674D88221FA08B00EB8FDC /* OrderOfEventsTests.swift */ = {isa = PBXFileReference; lastKnownFileType = sourcecode.swift; path = OrderOfEventsTests.swift; sourceTree = "<group>"; };
		50674D8A221FA08B00EB8FDC /* Info.plist */ = {isa = PBXFileReference; lastKnownFileType = text.plist.xml; path = Info.plist; sourceTree = "<group>"; };
		50674D8F221FA08B00EB8FDC /* OrderOfEventsUITests.xctest */ = {isa = PBXFileReference; explicitFileType = wrapper.cfbundle; includeInIndex = 0; path = OrderOfEventsUITests.xctest; sourceTree = BUILT_PRODUCTS_DIR; };
		50674D93221FA08B00EB8FDC /* OrderOfEventsUITests.swift */ = {isa = PBXFileReference; lastKnownFileType = sourcecode.swift; path = OrderOfEventsUITests.swift; sourceTree = "<group>"; };
		50674D95221FA08B00EB8FDC /* Info.plist */ = {isa = PBXFileReference; lastKnownFileType = text.plist.xml; path = Info.plist; sourceTree = "<group>"; };
		50674DA1221FA2D300EB8FDC /* MiddleViewController.swift */ = {isa = PBXFileReference; lastKnownFileType = sourcecode.swift; path = MiddleViewController.swift; sourceTree = "<group>"; };
		50674DA3221FA2EE00EB8FDC /* LastViewController.swift */ = {isa = PBXFileReference; lastKnownFileType = sourcecode.swift; path = LastViewController.swift; sourceTree = "<group>"; };
/* End PBXFileReference section */

/* Begin PBXFrameworksBuildPhase section */
		50674D6D221FA08900EB8FDC /* Frameworks */ = {
			isa = PBXFrameworksBuildPhase;
			buildActionMask = 2147483647;
			files = (
			);
			runOnlyForDeploymentPostprocessing = 0;
		};
		50674D81221FA08B00EB8FDC /* Frameworks */ = {
			isa = PBXFrameworksBuildPhase;
			buildActionMask = 2147483647;
			files = (
			);
			runOnlyForDeploymentPostprocessing = 0;
		};
		50674D8C221FA08B00EB8FDC /* Frameworks */ = {
			isa = PBXFrameworksBuildPhase;
			buildActionMask = 2147483647;
			files = (
			);
			runOnlyForDeploymentPostprocessing = 0;
		};
/* End PBXFrameworksBuildPhase section */

/* Begin PBXGroup section */
		50674D67221FA08900EB8FDC = {
			isa = PBXGroup;
			children = (
				50674D72221FA08900EB8FDC /* OrderOfEvents */,
				50674D87221FA08B00EB8FDC /* OrderOfEventsTests */,
				50674D92221FA08B00EB8FDC /* OrderOfEventsUITests */,
				50674D71221FA08900EB8FDC /* Products */,
			);
			sourceTree = "<group>";
		};
		50674D71221FA08900EB8FDC /* Products */ = {
			isa = PBXGroup;
			children = (
				50674D70221FA08900EB8FDC /* OrderOfEvents.app */,
				50674D84221FA08B00EB8FDC /* OrderOfEventsTests.xctest */,
				50674D8F221FA08B00EB8FDC /* OrderOfEventsUITests.xctest */,
			);
			name = Products;
			sourceTree = "<group>";
		};
		50674D72221FA08900EB8FDC /* OrderOfEvents */ = {
			isa = PBXGroup;
			children = (
				50674D73221FA08900EB8FDC /* AppDelegate.swift */,
				50674D75221FA08900EB8FDC /* ViewController.swift */,
				50674D77221FA08900EB8FDC /* Main.storyboard */,
				50674DA1221FA2D300EB8FDC /* MiddleViewController.swift */,
				50674DA3221FA2EE00EB8FDC /* LastViewController.swift */,
				50674D7A221FA08A00EB8FDC /* Assets.xcassets */,
				50674D7C221FA08A00EB8FDC /* LaunchScreen.storyboard */,
				50674D7F221FA08A00EB8FDC /* Info.plist */,
			);
			path = OrderOfEvents;
			sourceTree = "<group>";
		};
		50674D87221FA08B00EB8FDC /* OrderOfEventsTests */ = {
			isa = PBXGroup;
			children = (
				50674D88221FA08B00EB8FDC /* OrderOfEventsTests.swift */,
				50674D8A221FA08B00EB8FDC /* Info.plist */,
			);
			path = OrderOfEventsTests;
			sourceTree = "<group>";
		};
		50674D92221FA08B00EB8FDC /* OrderOfEventsUITests */ = {
			isa = PBXGroup;
			children = (
				50674D93221FA08B00EB8FDC /* OrderOfEventsUITests.swift */,
				50674D95221FA08B00EB8FDC /* Info.plist */,
			);
			path = OrderOfEventsUITests;
			sourceTree = "<group>";
		};
/* End PBXGroup section */

/* Begin PBXNativeTarget section */
		50674D6F221FA08900EB8FDC /* OrderOfEvents */ = {
			isa = PBXNativeTarget;
			buildConfigurationList = 50674D98221FA08B00EB8FDC /* Build configuration list for PBXNativeTarget "OrderOfEvents" */;
			buildPhases = (
				50674D6C221FA08900EB8FDC /* Sources */,
				50674D6D221FA08900EB8FDC /* Frameworks */,
				50674D6E221FA08900EB8FDC /* Resources */,
			);
			buildRules = (
			);
			dependencies = (
			);
			name = OrderOfEvents;
			productName = OrderOfEvents;
			productReference = 50674D70221FA08900EB8FDC /* OrderOfEvents.app */;
			productType = "com.apple.product-type.application";
		};
		50674D83221FA08B00EB8FDC /* OrderOfEventsTests */ = {
			isa = PBXNativeTarget;
			buildConfigurationList = 50674D9B221FA08B00EB8FDC /* Build configuration list for PBXNativeTarget "OrderOfEventsTests" */;
			buildPhases = (
				50674D80221FA08B00EB8FDC /* Sources */,
				50674D81221FA08B00EB8FDC /* Frameworks */,
				50674D82221FA08B00EB8FDC /* Resources */,
			);
			buildRules = (
			);
			dependencies = (
				50674D86221FA08B00EB8FDC /* PBXTargetDependency */,
			);
			name = OrderOfEventsTests;
			productName = OrderOfEventsTests;
			productReference = 50674D84221FA08B00EB8FDC /* OrderOfEventsTests.xctest */;
			productType = "com.apple.product-type.bundle.unit-test";
		};
		50674D8E221FA08B00EB8FDC /* OrderOfEventsUITests */ = {
			isa = PBXNativeTarget;
			buildConfigurationList = 50674D9E221FA08B00EB8FDC /* Build configuration list for PBXNativeTarget "OrderOfEventsUITests" */;
			buildPhases = (
				50674D8B221FA08B00EB8FDC /* Sources */,
				50674D8C221FA08B00EB8FDC /* Frameworks */,
				50674D8D221FA08B00EB8FDC /* Resources */,
			);
			buildRules = (
			);
			dependencies = (
				50674D91221FA08B00EB8FDC /* PBXTargetDependency */,
			);
			name = OrderOfEventsUITests;
			productName = OrderOfEventsUITests;
			productReference = 50674D8F221FA08B00EB8FDC /* OrderOfEventsUITests.xctest */;
			productType = "com.apple.product-type.bundle.ui-testing";
		};
/* End PBXNativeTarget section */

/* Begin PBXProject section */
		50674D68221FA08900EB8FDC /* Project object */ = {
			isa = PBXProject;
			attributes = {
				LastSwiftUpdateCheck = 1010;
				LastUpgradeCheck = 1010;
				ORGANIZATIONNAME = "Chinonso Obidike";
				TargetAttributes = {
					50674D6F221FA08900EB8FDC = {
						CreatedOnToolsVersion = 10.1;
					};
					50674D83221FA08B00EB8FDC = {
						CreatedOnToolsVersion = 10.1;
						TestTargetID = 50674D6F221FA08900EB8FDC;
					};
					50674D8E221FA08B00EB8FDC = {
						CreatedOnToolsVersion = 10.1;
						TestTargetID = 50674D6F221FA08900EB8FDC;
					};
				};
			};
			buildConfigurationList = 50674D6B221FA08900EB8FDC /* Build configuration list for PBXProject "OrderOfEvents" */;
			compatibilityVersion = "Xcode 9.3";
			developmentRegion = en;
			hasScannedForEncodings = 0;
			knownRegions = (
				en,
				Base,
			);
			mainGroup = 50674D67221FA08900EB8FDC;
			productRefGroup = 50674D71221FA08900EB8FDC /* Products */;
			projectDirPath = "";
			projectRoot = "";
			targets = (
				50674D6F221FA08900EB8FDC /* OrderOfEvents */,
				50674D83221FA08B00EB8FDC /* OrderOfEventsTests */,
				50674D8E221FA08B00EB8FDC /* OrderOfEventsUITests */,
			);
		};
/* End PBXProject section */

/* Begin PBXResourcesBuildPhase section */
		50674D6E221FA08900EB8FDC /* Resources */ = {
			isa = PBXResourcesBuildPhase;
			buildActionMask = 2147483647;
			files = (
				50674D7E221FA08A00EB8FDC /* LaunchScreen.storyboard in Resources */,
				50674D7B221FA08A00EB8FDC /* Assets.xcassets in Resources */,
				50674D79221FA08900EB8FDC /* Main.storyboard in Resources */,
			);
			runOnlyForDeploymentPostprocessing = 0;
		};
		50674D82221FA08B00EB8FDC /* Resources */ = {
			isa = PBXResourcesBuildPhase;
			buildActionMask = 2147483647;
			files = (
			);
			runOnlyForDeploymentPostprocessing = 0;
		};
		50674D8D221FA08B00EB8FDC /* Resources */ = {
			isa = PBXResourcesBuildPhase;
			buildActionMask = 2147483647;
			files = (
			);
			runOnlyForDeploymentPostprocessing = 0;
		};
/* End PBXResourcesBuildPhase section */

/* Begin PBXSourcesBuildPhase section */
		50674D6C221FA08900EB8FDC /* Sources */ = {
			isa = PBXSourcesBuildPhase;
			buildActionMask = 2147483647;
			files = (
				50674D76221FA08900EB8FDC /* ViewController.swift in Sources */,
				50674D74221FA08900EB8FDC /* AppDelegate.swift in Sources */,
				50674DA4221FA2EE00EB8FDC /* LastViewController.swift in Sources */,
				50674DA2221FA2D300EB8FDC /* MiddleViewController.swift in Sources */,
			);
			runOnlyForDeploymentPostprocessing = 0;
		};
		50674D80221FA08B00EB8FDC /* Sources */ = {
			isa = PBXSourcesBuildPhase;
			buildActionMask = 2147483647;
			files = (
				50674D89221FA08B00EB8FDC /* OrderOfEventsTests.swift in Sources */,
			);
			runOnlyForDeploymentPostprocessing = 0;
		};
		50674D8B221FA08B00EB8FDC /* Sources */ = {
			isa = PBXSourcesBuildPhase;
			buildActionMask = 2147483647;
			files = (
				50674D94221FA08B00EB8FDC /* OrderOfEventsUITests.swift in Sources */,
			);
			runOnlyForDeploymentPostprocessing = 0;
		};
/* End PBXSourcesBuildPhase section */

/* Begin PBXTargetDependency section */
		50674D86221FA08B00EB8FDC /* PBXTargetDependency */ = {
			isa = PBXTargetDependency;
			target = 50674D6F221FA08900EB8FDC /* OrderOfEvents */;
			targetProxy = 50674D85221FA08B00EB8FDC /* PBXContainerItemProxy */;
		};
		50674D91221FA08B00EB8FDC /* PBXTargetDependency */ = {
			isa = PBXTargetDependency;
			target = 50674D6F221FA08900EB8FDC /* OrderOfEvents */;
			targetProxy = 50674D90221FA08B00EB8FDC /* PBXContainerItemProxy */;
		};
/* End PBXTargetDependency section */

/* Begin PBXVariantGroup section */
		50674D77221FA08900EB8FDC /* Main.storyboard */ = {
			isa = PBXVariantGroup;
			children = (
				50674D78221FA08900EB8FDC /* Base */,
			);
			name = Main.storyboard;
			sourceTree = "<group>";
		};
		50674D7C221FA08A00EB8FDC /* LaunchScreen.storyboard */ = {
			isa = PBXVariantGroup;
			children = (
				50674D7D221FA08A00EB8FDC /* Base */,
			);
			name = LaunchScreen.storyboard;
			sourceTree = "<group>";
		};
/* End PBXVariantGroup section */

/* Begin XCBuildConfiguration section */
		50674D96221FA08B00EB8FDC /* Debug */ = {
			isa = XCBuildConfiguration;
			buildSettings = {
				ALWAYS_SEARCH_USER_PATHS = NO;
				CLANG_ANALYZER_NONNULL = YES;
				CLANG_ANALYZER_NUMBER_OBJECT_CONVERSION = YES_AGGRESSIVE;
				CLANG_CXX_LANGUAGE_STANDARD = "gnu++14";
				CLANG_CXX_LIBRARY = "libc++";
				CLANG_ENABLE_MODULES = YES;
				CLANG_ENABLE_OBJC_ARC = YES;
				CLANG_ENABLE_OBJC_WEAK = YES;
				CLANG_WARN_BLOCK_CAPTURE_AUTORELEASING = YES;
				CLANG_WARN_BOOL_CONVERSION = YES;
				CLANG_WARN_COMMA = YES;
				CLANG_WARN_CONSTANT_CONVERSION = YES;
				CLANG_WARN_DEPRECATED_OBJC_IMPLEMENTATIONS = YES;
				CLANG_WARN_DIRECT_OBJC_ISA_USAGE = YES_ERROR;
				CLANG_WARN_DOCUMENTATION_COMMENTS = YES;
				CLANG_WARN_EMPTY_BODY = YES;
				CLANG_WARN_ENUM_CONVERSION = YES;
				CLANG_WARN_INFINITE_RECURSION = YES;
				CLANG_WARN_INT_CONVERSION = YES;
				CLANG_WARN_NON_LITERAL_NULL_CONVERSION = YES;
				CLANG_WARN_OBJC_IMPLICIT_RETAIN_SELF = YES;
				CLANG_WARN_OBJC_LITERAL_CONVERSION = YES;
				CLANG_WARN_OBJC_ROOT_CLASS = YES_ERROR;
				CLANG_WARN_RANGE_LOOP_ANALYSIS = YES;
				CLANG_WARN_STRICT_PROTOTYPES = YES;
				CLANG_WARN_SUSPICIOUS_MOVE = YES;
				CLANG_WARN_UNGUARDED_AVAILABILITY = YES_AGGRESSIVE;
				CLANG_WARN_UNREACHABLE_CODE = YES;
				CLANG_WARN__DUPLICATE_METHOD_MATCH = YES;
				CODE_SIGN_IDENTITY = "iPhone Developer";
				COPY_PHASE_STRIP = NO;
				DEBUG_INFORMATION_FORMAT = dwarf;
				ENABLE_STRICT_OBJC_MSGSEND = YES;
				ENABLE_TESTABILITY = YES;
				GCC_C_LANGUAGE_STANDARD = gnu11;
				GCC_DYNAMIC_NO_PIC = NO;
				GCC_NO_COMMON_BLOCKS = YES;
				GCC_OPTIMIZATION_LEVEL = 0;
				GCC_PREPROCESSOR_DEFINITIONS = (
					"DEBUG=1",
					"$(inherited)",
				);
				GCC_WARN_64_TO_32_BIT_CONVERSION = YES;
				GCC_WARN_ABOUT_RETURN_TYPE = YES_ERROR;
				GCC_WARN_UNDECLARED_SELECTOR = YES;
				GCC_WARN_UNINITIALIZED_AUTOS = YES_AGGRESSIVE;
				GCC_WARN_UNUSED_FUNCTION = YES;
				GCC_WARN_UNUSED_VARIABLE = YES;
				IPHONEOS_DEPLOYMENT_TARGET = 12.1;
				MTL_ENABLE_DEBUG_INFO = INCLUDE_SOURCE;
				MTL_FAST_MATH = YES;
				ONLY_ACTIVE_ARCH = YES;
				SDKROOT = iphoneos;
				SWIFT_ACTIVE_COMPILATION_CONDITIONS = DEBUG;
				SWIFT_OPTIMIZATION_LEVEL = "-Onone";
			};
			name = Debug;
		};
		50674D97221FA08B00EB8FDC /* Release */ = {
			isa = XCBuildConfiguration;
			buildSettings = {
				ALWAYS_SEARCH_USER_PATHS = NO;
				CLANG_ANALYZER_NONNULL = YES;
				CLANG_ANALYZER_NUMBER_OBJECT_CONVERSION = YES_AGGRESSIVE;
				CLANG_CXX_LANGUAGE_STANDARD = "gnu++14";
				CLANG_CXX_LIBRARY = "libc++";
				CLANG_ENABLE_MODULES = YES;
				CLANG_ENABLE_OBJC_ARC = YES;
				CLANG_ENABLE_OBJC_WEAK = YES;
				CLANG_WARN_BLOCK_CAPTURE_AUTORELEASING = YES;
				CLANG_WARN_BOOL_CONVERSION = YES;
				CLANG_WARN_COMMA = YES;
				CLANG_WARN_CONSTANT_CONVERSION = YES;
				CLANG_WARN_DEPRECATED_OBJC_IMPLEMENTATIONS = YES;
				CLANG_WARN_DIRECT_OBJC_ISA_USAGE = YES_ERROR;
				CLANG_WARN_DOCUMENTATION_COMMENTS = YES;
				CLANG_WARN_EMPTY_BODY = YES;
				CLANG_WARN_ENUM_CONVERSION = YES;
				CLANG_WARN_INFINITE_RECURSION = YES;
				CLANG_WARN_INT_CONVERSION = YES;
				CLANG_WARN_NON_LITERAL_NULL_CONVERSION = YES;
				CLANG_WARN_OBJC_IMPLICIT_RETAIN_SELF = YES;
				CLANG_WARN_OBJC_LITERAL_CONVERSION = YES;
				CLANG_WARN_OBJC_ROOT_CLASS = YES_ERROR;
				CLANG_WARN_RANGE_LOOP_ANALYSIS = YES;
				CLANG_WARN_STRICT_PROTOTYPES = YES;
				CLANG_WARN_SUSPICIOUS_MOVE = YES;
				CLANG_WARN_UNGUARDED_AVAILABILITY = YES_AGGRESSIVE;
				CLANG_WARN_UNREACHABLE_CODE = YES;
				CLANG_WARN__DUPLICATE_METHOD_MATCH = YES;
				CODE_SIGN_IDENTITY = "iPhone Developer";
				COPY_PHASE_STRIP = NO;
				DEBUG_INFORMATION_FORMAT = "dwarf-with-dsym";
				ENABLE_NS_ASSERTIONS = NO;
				ENABLE_STRICT_OBJC_MSGSEND = YES;
				GCC_C_LANGUAGE_STANDARD = gnu11;
				GCC_NO_COMMON_BLOCKS = YES;
				GCC_WARN_64_TO_32_BIT_CONVERSION = YES;
				GCC_WARN_ABOUT_RETURN_TYPE = YES_ERROR;
				GCC_WARN_UNDECLARED_SELECTOR = YES;
				GCC_WARN_UNINITIALIZED_AUTOS = YES_AGGRESSIVE;
				GCC_WARN_UNUSED_FUNCTION = YES;
				GCC_WARN_UNUSED_VARIABLE = YES;
				IPHONEOS_DEPLOYMENT_TARGET = 12.1;
				MTL_ENABLE_DEBUG_INFO = NO;
				MTL_FAST_MATH = YES;
				SDKROOT = iphoneos;
				SWIFT_COMPILATION_MODE = wholemodule;
				SWIFT_OPTIMIZATION_LEVEL = "-O";
				VALIDATE_PRODUCT = YES;
			};
			name = Release;
		};
		50674D99221FA08B00EB8FDC /* Debug */ = {
			isa = XCBuildConfiguration;
			buildSettings = {
				ASSETCATALOG_COMPILER_APPICON_NAME = AppIcon;
				CODE_SIGN_STYLE = Automatic;
				INFOPLIST_FILE = OrderOfEvents/Info.plist;
				LD_RUNPATH_SEARCH_PATHS = (
					"$(inherited)",
					"@executable_path/Frameworks",
				);
				PRODUCT_BUNDLE_IDENTIFIER = edu.cuny.bmcc.OrderOfEvents;
				PRODUCT_NAME = "$(TARGET_NAME)";
				SWIFT_VERSION = 4.2;
				TARGETED_DEVICE_FAMILY = "1,2";
			};
			name = Debug;
		};
		50674D9A221FA08B00EB8FDC /* Release */ = {
			isa = XCBuildConfiguration;
			buildSettings = {
				ASSETCATALOG_COMPILER_APPICON_NAME = AppIcon;
				CODE_SIGN_STYLE = Automatic;
				INFOPLIST_FILE = OrderOfEvents/Info.plist;
				LD_RUNPATH_SEARCH_PATHS = (
					"$(inherited)",
					"@executable_path/Frameworks",
				);
				PRODUCT_BUNDLE_IDENTIFIER = edu.cuny.bmcc.OrderOfEvents;
				PRODUCT_NAME = "$(TARGET_NAME)";
				SWIFT_VERSION = 4.2;
				TARGETED_DEVICE_FAMILY = "1,2";
			};
			name = Release;
		};
		50674D9C221FA08B00EB8FDC /* Debug */ = {
			isa = XCBuildConfiguration;
			buildSettings = {
				ALWAYS_EMBED_SWIFT_STANDARD_LIBRARIES = YES;
				BUNDLE_LOADER = "$(TEST_HOST)";
				CODE_SIGN_STYLE = Automatic;
				INFOPLIST_FILE = OrderOfEventsTests/Info.plist;
				LD_RUNPATH_SEARCH_PATHS = (
					"$(inherited)",
					"@executable_path/Frameworks",
					"@loader_path/Frameworks",
				);
				PRODUCT_BUNDLE_IDENTIFIER = edu.cuny.bmcc.OrderOfEventsTests;
				PRODUCT_NAME = "$(TARGET_NAME)";
				SWIFT_VERSION = 4.2;
				TARGETED_DEVICE_FAMILY = "1,2";
				TEST_HOST = "$(BUILT_PRODUCTS_DIR)/OrderOfEvents.app/OrderOfEvents";
			};
			name = Debug;
		};
		50674D9D221FA08B00EB8FDC /* Release */ = {
			isa = XCBuildConfiguration;
			buildSettings = {
				ALWAYS_EMBED_SWIFT_STANDARD_LIBRARIES = YES;
				BUNDLE_LOADER = "$(TEST_HOST)";
				CODE_SIGN_STYLE = Automatic;
				INFOPLIST_FILE = OrderOfEventsTests/Info.plist;
				LD_RUNPATH_SEARCH_PATHS = (
					"$(inherited)",
					"@executable_path/Frameworks",
					"@loader_path/Frameworks",
				);
				PRODUCT_BUNDLE_IDENTIFIER = edu.cuny.bmcc.OrderOfEventsTests;
				PRODUCT_NAME = "$(TARGET_NAME)";
				SWIFT_VERSION = 4.2;
				TARGETED_DEVICE_FAMILY = "1,2";
				TEST_HOST = "$(BUILT_PRODUCTS_DIR)/OrderOfEvents.app/OrderOfEvents";
			};
			name = Release;
		};
		50674D9F221FA08B00EB8FDC /* Debug */ = {
			isa = XCBuildConfiguration;
			buildSettings = {
				ALWAYS_EMBED_SWIFT_STANDARD_LIBRARIES = YES;
				CODE_SIGN_STYLE = Automatic;
				INFOPLIST_FILE = OrderOfEventsUITests/Info.plist;
				LD_RUNPATH_SEARCH_PATHS = (
					"$(inherited)",
					"@executable_path/Frameworks",
					"@loader_path/Frameworks",
				);
				PRODUCT_BUNDLE_IDENTIFIER = edu.cuny.bmcc.OrderOfEventsUITests;
				PRODUCT_NAME = "$(TARGET_NAME)";
				SWIFT_VERSION = 4.2;
				TARGETED_DEVICE_FAMILY = "1,2";
				TEST_TARGET_NAME = OrderOfEvents;
			};
			name = Debug;
		};
		50674DA0221FA08B00EB8FDC /* Release */ = {
			isa = XCBuildConfiguration;
			buildSettings = {
				ALWAYS_EMBED_SWIFT_STANDARD_LIBRARIES = YES;
				CODE_SIGN_STYLE = Automatic;
				INFOPLIST_FILE = OrderOfEventsUITests/Info.plist;
				LD_RUNPATH_SEARCH_PATHS = (
					"$(inherited)",
					"@executable_path/Frameworks",
					"@loader_path/Frameworks",
				);
				PRODUCT_BUNDLE_IDENTIFIER = edu.cuny.bmcc.OrderOfEventsUITests;
				PRODUCT_NAME = "$(TARGET_NAME)";
				SWIFT_VERSION = 4.2;
				TARGETED_DEVICE_FAMILY = "1,2";
				TEST_TARGET_NAME = OrderOfEvents;
			};
			name = Release;
		};
/* End XCBuildConfiguration section */

/* Begin XCConfigurationList section */
		50674D6B221FA08900EB8FDC /* Build configuration list for PBXProject "OrderOfEvents" */ = {
			isa = XCConfigurationList;
			buildConfigurations = (
				50674D96221FA08B00EB8FDC /* Debug */,
				50674D97221FA08B00EB8FDC /* Release */,
			);
			defaultConfigurationIsVisible = 0;
			defaultConfigurationName = Release;
		};
		50674D98221FA08B00EB8FDC /* Build configuration list for PBXNativeTarget "OrderOfEvents" */ = {
			isa = XCConfigurationList;
			buildConfigurations = (
				50674D99221FA08B00EB8FDC /* Debug */,
				50674D9A221FA08B00EB8FDC /* Release */,
			);
			defaultConfigurationIsVisible = 0;
			defaultConfigurationName = Release;
		};
		50674D9B221FA08B00EB8FDC /* Build configuration list for PBXNativeTarget "OrderOfEventsTests" */ = {
			isa = XCConfigurationList;
			buildConfigurations = (
				50674D9C221FA08B00EB8FDC /* Debug */,
				50674D9D221FA08B00EB8FDC /* Release */,
			);
			defaultConfigurationIsVisible = 0;
			defaultConfigurationName = Release;
		};
		50674D9E221FA08B00EB8FDC /* Build configuration list for PBXNativeTarget "OrderOfEventsUITests" */ = {
			isa = XCConfigurationList;
			buildConfigurations = (
				50674D9F221FA08B00EB8FDC /* Debug */,
				50674DA0221FA08B00EB8FDC /* Release */,
			);
			defaultConfigurationIsVisible = 0;
			defaultConfigurationName = Release;
		};
/* End XCConfigurationList section */
	};
	rootObject = 50674D68221FA08900EB8FDC /* Project object */;
}
